// !$*UTF8*$!
{
	archiveVersion = 1;
	classes = {
	};
	objectVersion = 56;
	objects = {

/* Begin PBXBuildFile section */
		786E7B0F2B1EBB8100132E41 /* LandmarksApp.swift in Sources */ = {isa = PBXBuildFile; fileRef = 786E7B0E2B1EBB8100132E41 /* LandmarksApp.swift */; };
		786E7B112B1EBB8100132E41 /* ContentView.swift in Sources */ = {isa = PBXBuildFile; fileRef = 786E7B102B1EBB8100132E41 /* ContentView.swift */; };
		786E7B132B1EBB8300132E41 /* Assets.xcassets in Resources */ = {isa = PBXBuildFile; fileRef = 786E7B122B1EBB8300132E41 /* Assets.xcassets */; };
		786E7B162B1EBB8300132E41 /* Preview Assets.xcassets in Resources */ = {isa = PBXBuildFile; fileRef = 786E7B152B1EBB8300132E41 /* Preview Assets.xcassets */; };
		786E7B1D2B1EBC6F00132E41 /* CircleImage.swift in Sources */ = {isa = PBXBuildFile; fileRef = 786E7B1C2B1EBC6F00132E41 /* CircleImage.swift */; };
		786E7B1F2B1EBD1A00132E41 /* MapView.swift in Sources */ = {isa = PBXBuildFile; fileRef = 786E7B1E2B1EBD1A00132E41 /* MapView.swift */; };
		786E7B302B1EBFB900132E41 /* LICENSE.txt in Resources */ = {isa = PBXBuildFile; fileRef = 786E7B222B1EBFB900132E41 /* LICENSE.txt */; };
		786E7B312B1EBFB900132E41 /* umbagog@2x.jpg in Resources */ = {isa = PBXBuildFile; fileRef = 786E7B242B1EBFB900132E41 /* umbagog@2x.jpg */; };
		786E7B322B1EBFB900132E41 /* twinlake@2x.jpg in Resources */ = {isa = PBXBuildFile; fileRef = 786E7B252B1EBFB900132E41 /* twinlake@2x.jpg */; };
		786E7B332B1EBFB900132E41 /* chincoteague@2x.jpg in Resources */ = {isa = PBXBuildFile; fileRef = 786E7B262B1EBFB900132E41 /* chincoteague@2x.jpg */; };
		786E7B342B1EBFB900132E41 /* lakemcdonald@2x.jpg in Resources */ = {isa = PBXBuildFile; fileRef = 786E7B272B1EBFB900132E41 /* lakemcdonald@2x.jpg */; };
		786E7B352B1EBFB900132E41 /* silversalmoncreek@2x.jpg in Resources */ = {isa = PBXBuildFile; fileRef = 786E7B282B1EBFB900132E41 /* silversalmoncreek@2x.jpg */; };
		786E7B362B1EBFB900132E41 /* icybay@2x.jpg in Resources */ = {isa = PBXBuildFile; fileRef = 786E7B292B1EBFB900132E41 /* icybay@2x.jpg */; };
		786E7B372B1EBFB900132E41 /* hiddenlake@2x.jpg in Resources */ = {isa = PBXBuildFile; fileRef = 786E7B2A2B1EBFB900132E41 /* hiddenlake@2x.jpg */; };
		786E7B382B1EBFB900132E41 /* chilkoottrail@2x.jpg in Resources */ = {isa = PBXBuildFile; fileRef = 786E7B2B2B1EBFB900132E41 /* chilkoottrail@2x.jpg */; };
		786E7B392B1EBFB900132E41 /* stmarylake@2x.jpg in Resources */ = {isa = PBXBuildFile; fileRef = 786E7B2C2B1EBFB900132E41 /* stmarylake@2x.jpg */; };
		786E7B3A2B1EBFB900132E41 /* charleyrivers@2x.jpg in Resources */ = {isa = PBXBuildFile; fileRef = 786E7B2D2B1EBFB900132E41 /* charleyrivers@2x.jpg */; };
		786E7B3B2B1EBFB900132E41 /* rainbowlake@2x.jpg in Resources */ = {isa = PBXBuildFile; fileRef = 786E7B2E2B1EBFB900132E41 /* rainbowlake@2x.jpg */; };
		786E7B3C2B1EBFB900132E41 /* landmarkData.json in Resources */ = {isa = PBXBuildFile; fileRef = 786E7B2F2B1EBFB900132E41 /* landmarkData.json */; };
		786E7B3E2B1EBFEB00132E41 /* Landmark.swift in Sources */ = {isa = PBXBuildFile; fileRef = 786E7B3D2B1EBFEB00132E41 /* Landmark.swift */; };
		786E7B402B201E5F00132E41 /* ModelData.swift in Sources */ = {isa = PBXBuildFile; fileRef = 786E7B3F2B201E5F00132E41 /* ModelData.swift */; };
		786E7B442B201F9F00132E41 /* LandmarkRow.swift in Sources */ = {isa = PBXBuildFile; fileRef = 786E7B432B201F9F00132E41 /* LandmarkRow.swift */; };
/* End PBXBuildFile section */

/* Begin PBXFileReference section */
		786E7B0B2B1EBB8100132E41 /* Landmarks.app */ = {isa = PBXFileReference; explicitFileType = wrapper.application; includeInIndex = 0; path = Landmarks.app; sourceTree = BUILT_PRODUCTS_DIR; };
		786E7B0E2B1EBB8100132E41 /* LandmarksApp.swift */ = {isa = PBXFileReference; lastKnownFileType = sourcecode.swift; path = LandmarksApp.swift; sourceTree = "<group>"; };
		786E7B102B1EBB8100132E41 /* ContentView.swift */ = {isa = PBXFileReference; lastKnownFileType = sourcecode.swift; path = ContentView.swift; sourceTree = "<group>"; };
		786E7B122B1EBB8300132E41 /* Assets.xcassets */ = {isa = PBXFileReference; lastKnownFileType = folder.assetcatalog; path = Assets.xcassets; sourceTree = "<group>"; };
		786E7B152B1EBB8300132E41 /* Preview Assets.xcassets */ = {isa = PBXFileReference; lastKnownFileType = folder.assetcatalog; path = "Preview Assets.xcassets"; sourceTree = "<group>"; };
		786E7B1C2B1EBC6F00132E41 /* CircleImage.swift */ = {isa = PBXFileReference; lastKnownFileType = sourcecode.swift; path = CircleImage.swift; sourceTree = "<group>"; };
		786E7B1E2B1EBD1A00132E41 /* MapView.swift */ = {isa = PBXFileReference; lastKnownFileType = sourcecode.swift; path = MapView.swift; sourceTree = "<group>"; };
		786E7B222B1EBFB900132E41 /* LICENSE.txt */ = {isa = PBXFileReference; fileEncoding = 4; lastKnownFileType = text; path = LICENSE.txt; sourceTree = "<group>"; };
		786E7B242B1EBFB900132E41 /* umbagog@2x.jpg */ = {isa = PBXFileReference; lastKnownFileType = image.jpeg; path = "umbagog@2x.jpg"; sourceTree = "<group>"; };
		786E7B252B1EBFB900132E41 /* twinlake@2x.jpg */ = {isa = PBXFileReference; lastKnownFileType = image.jpeg; path = "twinlake@2x.jpg"; sourceTree = "<group>"; };
		786E7B262B1EBFB900132E41 /* chincoteague@2x.jpg */ = {isa = PBXFileReference; lastKnownFileType = image.jpeg; path = "chincoteague@2x.jpg"; sourceTree = "<group>"; };
		786E7B272B1EBFB900132E41 /* lakemcdonald@2x.jpg */ = {isa = PBXFileReference; lastKnownFileType = image.jpeg; path = "lakemcdonald@2x.jpg"; sourceTree = "<group>"; };
		786E7B282B1EBFB900132E41 /* silversalmoncreek@2x.jpg */ = {isa = PBXFileReference; lastKnownFileType = image.jpeg; path = "silversalmoncreek@2x.jpg"; sourceTree = "<group>"; };
		786E7B292B1EBFB900132E41 /* icybay@2x.jpg */ = {isa = PBXFileReference; lastKnownFileType = image.jpeg; path = "icybay@2x.jpg"; sourceTree = "<group>"; };
		786E7B2A2B1EBFB900132E41 /* hiddenlake@2x.jpg */ = {isa = PBXFileReference; lastKnownFileType = image.jpeg; path = "hiddenlake@2x.jpg"; sourceTree = "<group>"; };
		786E7B2B2B1EBFB900132E41 /* chilkoottrail@2x.jpg */ = {isa = PBXFileReference; lastKnownFileType = image.jpeg; path = "chilkoottrail@2x.jpg"; sourceTree = "<group>"; };
		786E7B2C2B1EBFB900132E41 /* stmarylake@2x.jpg */ = {isa = PBXFileReference; lastKnownFileType = image.jpeg; path = "stmarylake@2x.jpg"; sourceTree = "<group>"; };
		786E7B2D2B1EBFB900132E41 /* charleyrivers@2x.jpg */ = {isa = PBXFileReference; lastKnownFileType = image.jpeg; path = "charleyrivers@2x.jpg"; sourceTree = "<group>"; };
		786E7B2E2B1EBFB900132E41 /* rainbowlake@2x.jpg */ = {isa = PBXFileReference; lastKnownFileType = image.jpeg; path = "rainbowlake@2x.jpg"; sourceTree = "<group>"; };
		786E7B2F2B1EBFB900132E41 /* landmarkData.json */ = {isa = PBXFileReference; fileEncoding = 4; lastKnownFileType = text.json; path = landmarkData.json; sourceTree = "<group>"; };
		786E7B3D2B1EBFEB00132E41 /* Landmark.swift */ = {isa = PBXFileReference; lastKnownFileType = sourcecode.swift; path = Landmark.swift; sourceTree = "<group>"; };
		786E7B3F2B201E5F00132E41 /* ModelData.swift */ = {isa = PBXFileReference; lastKnownFileType = sourcecode.swift; path = ModelData.swift; sourceTree = "<group>"; };
		786E7B432B201F9F00132E41 /* LandmarkRow.swift */ = {isa = PBXFileReference; lastKnownFileType = sourcecode.swift; path = LandmarkRow.swift; sourceTree = "<group>"; };
/* End PBXFileReference section */

/* Begin PBXFrameworksBuildPhase section */
		786E7B082B1EBB8100132E41 /* Frameworks */ = {
			isa = PBXFrameworksBuildPhase;
			buildActionMask = 2147483647;
			files = (
			);
			runOnlyForDeploymentPostprocessing = 0;
		};
/* End PBXFrameworksBuildPhase section */

/* Begin PBXGroup section */
		786E7B022B1EBB8100132E41 = {
			isa = PBXGroup;
			children = (
				786E7B0D2B1EBB8100132E41 /* Landmarks */,
				786E7B0C2B1EBB8100132E41 /* Products */,
			);
			sourceTree = "<group>";
		};
		786E7B0C2B1EBB8100132E41 /* Products */ = {
			isa = PBXGroup;
			children = (
				786E7B0B2B1EBB8100132E41 /* Landmarks.app */,
			);
			name = Products;
			sourceTree = "<group>";
		};
		786E7B0D2B1EBB8100132E41 /* Landmarks */ = {
			isa = PBXGroup;
			children = (
				786E7B0E2B1EBB8100132E41 /* LandmarksApp.swift */,
				786E7B422B201F0600132E41 /* Vews */,
				786E7B412B201EEA00132E41 /* Model */,
				786E7B202B1EBFB900132E41 /* Resources */,
				786E7B122B1EBB8300132E41 /* Assets.xcassets */,
				786E7B232B1EBFB900132E41 /* Images */,
				786E7B142B1EBB8300132E41 /* Preview Content */,
			);
			path = Landmarks;
			sourceTree = "<group>";
		};
		786E7B142B1EBB8300132E41 /* Preview Content */ = {
			isa = PBXGroup;
			children = (
				786E7B152B1EBB8300132E41 /* Preview Assets.xcassets */,
			);
			path = "Preview Content";
			sourceTree = "<group>";
		};
		786E7B202B1EBFB900132E41 /* Resources */ = {
			isa = PBXGroup;
			children = (
				786E7B2F2B1EBFB900132E41 /* landmarkData.json */,
				786E7B212B1EBFB900132E41 /* LICENSE */,
			);
			path = Resources;
			sourceTree = "<group>";
		};
		786E7B212B1EBFB900132E41 /* LICENSE */ = {
			isa = PBXGroup;
			children = (
				786E7B222B1EBFB900132E41 /* LICENSE.txt */,
			);
			path = LICENSE;
			sourceTree = "<group>";
		};
		786E7B232B1EBFB900132E41 /* Images */ = {
			isa = PBXGroup;
			children = (
				786E7B252B1EBFB900132E41 /* twinlake@2x.jpg */,
				786E7B262B1EBFB900132E41 /* chincoteague@2x.jpg */,
				786E7B272B1EBFB900132E41 /* lakemcdonald@2x.jpg */,
				786E7B282B1EBFB900132E41 /* silversalmoncreek@2x.jpg */,
				786E7B292B1EBFB900132E41 /* icybay@2x.jpg */,
				786E7B2A2B1EBFB900132E41 /* hiddenlake@2x.jpg */,
				786E7B2B2B1EBFB900132E41 /* chilkoottrail@2x.jpg */,
				786E7B2C2B1EBFB900132E41 /* stmarylake@2x.jpg */,
				786E7B2D2B1EBFB900132E41 /* charleyrivers@2x.jpg */,
				786E7B242B1EBFB900132E41 /* umbagog@2x.jpg */,
				786E7B2E2B1EBFB900132E41 /* rainbowlake@2x.jpg */,
			);
			path = Images;
			sourceTree = "<group>";
		};
		786E7B412B201EEA00132E41 /* Model */ = {
			isa = PBXGroup;
			children = (
				786E7B3F2B201E5F00132E41 /* ModelData.swift */,
				786E7B3D2B1EBFEB00132E41 /* Landmark.swift */,
			);
			path = Model;
			sourceTree = "<group>";
		};
		786E7B422B201F0600132E41 /* Vews */ = {
			isa = PBXGroup;
			children = (
				786E7B102B1EBB8100132E41 /* ContentView.swift */,
				786E7B1C2B1EBC6F00132E41 /* CircleImage.swift */,
				786E7B1E2B1EBD1A00132E41 /* MapView.swift */,
				786E7B432B201F9F00132E41 /* LandmarkRow.swift */,
			);
			path = Vews;
			sourceTree = "<group>";
		};
/* End PBXGroup section */

/* Begin PBXNativeTarget section */
		786E7B0A2B1EBB8100132E41 /* Landmarks */ = {
			isa = PBXNativeTarget;
			buildConfigurationList = 786E7B192B1EBB8300132E41 /* Build configuration list for PBXNativeTarget "Landmarks" */;
			buildPhases = (
				786E7B072B1EBB8100132E41 /* Sources */,
				786E7B082B1EBB8100132E41 /* Frameworks */,
				786E7B092B1EBB8100132E41 /* Resources */,
			);
			buildRules = (
			);
			dependencies = (
			);
			name = Landmarks;
			productName = Landmarks;
			productReference = 786E7B0B2B1EBB8100132E41 /* Landmarks.app */;
			productType = "com.apple.product-type.application";
		};
/* End PBXNativeTarget section */

/* Begin PBXProject section */
		786E7B032B1EBB8100132E41 /* Project object */ = {
			isa = PBXProject;
			attributes = {
				BuildIndependentTargetsInParallel = 1;
				LastSwiftUpdateCheck = 1500;
				LastUpgradeCheck = 1500;
				TargetAttributes = {
					786E7B0A2B1EBB8100132E41 = {
						CreatedOnToolsVersion = 15.0.1;
					};
				};
			};
			buildConfigurationList = 786E7B062B1EBB8100132E41 /* Build configuration list for PBXProject "Landmarks" */;
			compatibilityVersion = "Xcode 14.0";
			developmentRegion = en;
			hasScannedForEncodings = 0;
			knownRegions = (
				en,
				Base,
			);
			mainGroup = 786E7B022B1EBB8100132E41;
			productRefGroup = 786E7B0C2B1EBB8100132E41 /* Products */;
			projectDirPath = "";
			projectRoot = "";
			targets = (
				786E7B0A2B1EBB8100132E41 /* Landmarks */,
			);
		};
/* End PBXProject section */

/* Begin PBXResourcesBuildPhase section */
		786E7B092B1EBB8100132E41 /* Resources */ = {
			isa = PBXResourcesBuildPhase;
			buildActionMask = 2147483647;
			files = (
				786E7B3A2B1EBFB900132E41 /* charleyrivers@2x.jpg in Resources */,
				786E7B302B1EBFB900132E41 /* LICENSE.txt in Resources */,
				786E7B372B1EBFB900132E41 /* hiddenlake@2x.jpg in Resources */,
				786E7B312B1EBFB900132E41 /* umbagog@2x.jpg in Resources */,
				786E7B3B2B1EBFB900132E41 /* rainbowlake@2x.jpg in Resources */,
				786E7B362B1EBFB900132E41 /* icybay@2x.jpg in Resources */,
				786E7B352B1EBFB900132E41 /* silversalmoncreek@2x.jpg in Resources */,
				786E7B162B1EBB8300132E41 /* Preview Assets.xcassets in Resources */,
				786E7B3C2B1EBFB900132E41 /* landmarkData.json in Resources */,
				786E7B322B1EBFB900132E41 /* twinlake@2x.jpg in Resources */,
				786E7B392B1EBFB900132E41 /* stmarylake@2x.jpg in Resources */,
				786E7B342B1EBFB900132E41 /* lakemcdonald@2x.jpg in Resources */,
				786E7B382B1EBFB900132E41 /* chilkoottrail@2x.jpg in Resources */,
				786E7B132B1EBB8300132E41 /* Assets.xcassets in Resources */,
				786E7B332B1EBFB900132E41 /* chincoteague@2x.jpg in Resources */,
			);
			runOnlyForDeploymentPostprocessing = 0;
		};
/* End PBXResourcesBuildPhase section */

/* Begin PBXSourcesBuildPhase section */
		786E7B072B1EBB8100132E41 /* Sources */ = {
			isa = PBXSourcesBuildPhase;
			buildActionMask = 2147483647;
			files = (
				786E7B112B1EBB8100132E41 /* ContentView.swift in Sources */,
				786E7B1F2B1EBD1A00132E41 /* MapView.swift in Sources */,
				786E7B0F2B1EBB8100132E41 /* LandmarksApp.swift in Sources */,
				786E7B1D2B1EBC6F00132E41 /* CircleImage.swift in Sources */,
				786E7B3E2B1EBFEB00132E41 /* Landmark.swift in Sources */,
				786E7B442B201F9F00132E41 /* LandmarkRow.swift in Sources */,
				786E7B402B201E5F00132E41 /* ModelData.swift in Sources */,
			);
			runOnlyForDeploymentPostprocessing = 0;
		};
/* End PBXSourcesBuildPhase section */

/* Begin XCBuildConfiguration section */
		786E7B172B1EBB8300132E41 /* Debug */ = {
			isa = XCBuildConfiguration;
			buildSettings = {
				ALWAYS_SEARCH_USER_PATHS = NO;
				ASSETCATALOG_COMPILER_GENERATE_SWIFT_ASSET_SYMBOL_EXTENSIONS = YES;
				CLANG_ANALYZER_NONNULL = YES;
				CLANG_ANALYZER_NUMBER_OBJECT_CONVERSION = YES_AGGRESSIVE;
				CLANG_CXX_LANGUAGE_STANDARD = "gnu++20";
				CLANG_ENABLE_MODULES = YES;
				CLANG_ENABLE_OBJC_ARC = YES;
				CLANG_ENABLE_OBJC_WEAK = YES;
				CLANG_WARN_BLOCK_CAPTURE_AUTORELEASING = YES;
				CLANG_WARN_BOOL_CONVERSION = YES;
				CLANG_WARN_COMMA = YES;
				CLANG_WARN_CONSTANT_CONVERSION = YES;
				CLANG_WARN_DEPRECATED_OBJC_IMPLEMENTATIONS = YES;
				CLANG_WARN_DIRECT_OBJC_ISA_USAGE = YES_ERROR;
				CLANG_WARN_DOCUMENTATION_COMMENTS = YES;
				CLANG_WARN_EMPTY_BODY = YES;
				CLANG_WARN_ENUM_CONVERSION = YES;
				CLANG_WARN_INFINITE_RECURSION = YES;
				CLANG_WARN_INT_CONVERSION = YES;
				CLANG_WARN_NON_LITERAL_NULL_CONVERSION = YES;
				CLANG_WARN_OBJC_IMPLICIT_RETAIN_SELF = YES;
				CLANG_WARN_OBJC_LITERAL_CONVERSION = YES;
				CLANG_WARN_OBJC_ROOT_CLASS = YES_ERROR;
				CLANG_WARN_QUOTED_INCLUDE_IN_FRAMEWORK_HEADER = YES;
				CLANG_WARN_RANGE_LOOP_ANALYSIS = YES;
				CLANG_WARN_STRICT_PROTOTYPES = YES;
				CLANG_WARN_SUSPICIOUS_MOVE = YES;
				CLANG_WARN_UNGUARDED_AVAILABILITY = YES_AGGRESSIVE;
				CLANG_WARN_UNREACHABLE_CODE = YES;
				CLANG_WARN__DUPLICATE_METHOD_MATCH = YES;
				COPY_PHASE_STRIP = NO;
				DEBUG_INFORMATION_FORMAT = dwarf;
				ENABLE_STRICT_OBJC_MSGSEND = YES;
				ENABLE_TESTABILITY = YES;
				ENABLE_USER_SCRIPT_SANDBOXING = YES;
				GCC_C_LANGUAGE_STANDARD = gnu17;
				GCC_DYNAMIC_NO_PIC = NO;
				GCC_NO_COMMON_BLOCKS = YES;
				GCC_OPTIMIZATION_LEVEL = 0;
				GCC_PREPROCESSOR_DEFINITIONS = (
					"DEBUG=1",
					"$(inherited)",
				);
				GCC_WARN_64_TO_32_BIT_CONVERSION = YES;
				GCC_WARN_ABOUT_RETURN_TYPE = YES_ERROR;
				GCC_WARN_UNDECLARED_SELECTOR = YES;
				GCC_WARN_UNINITIALIZED_AUTOS = YES_AGGRESSIVE;
				GCC_WARN_UNUSED_FUNCTION = YES;
				GCC_WARN_UNUSED_VARIABLE = YES;
				IPHONEOS_DEPLOYMENT_TARGET = 17.0;
				LOCALIZATION_PREFERS_STRING_CATALOGS = YES;
				MTL_ENABLE_DEBUG_INFO = INCLUDE_SOURCE;
				MTL_FAST_MATH = YES;
				ONLY_ACTIVE_ARCH = YES;
				SDKROOT = iphoneos;
				SWIFT_ACTIVE_COMPILATION_CONDITIONS = "DEBUG $(inherited)";
				SWIFT_OPTIMIZATION_LEVEL = "-Onone";
			};
			name = Debug;
		};
		786E7B182B1EBB8300132E41 /* Release */ = {
			isa = XCBuildConfiguration;
			buildSettings = {
				ALWAYS_SEARCH_USER_PATHS = NO;
				ASSETCATALOG_COMPILER_GENERATE_SWIFT_ASSET_SYMBOL_EXTENSIONS = YES;
				CLANG_ANALYZER_NONNULL = YES;
				CLANG_ANALYZER_NUMBER_OBJECT_CONVERSION = YES_AGGRESSIVE;
				CLANG_CXX_LANGUAGE_STANDARD = "gnu++20";
				CLANG_ENABLE_MODULES = YES;
				CLANG_ENABLE_OBJC_ARC = YES;
				CLANG_ENABLE_OBJC_WEAK = YES;
				CLANG_WARN_BLOCK_CAPTURE_AUTORELEASING = YES;
				CLANG_WARN_BOOL_CONVERSION = YES;
				CLANG_WARN_COMMA = YES;
				CLANG_WARN_CONSTANT_CONVERSION = YES;
				CLANG_WARN_DEPRECATED_OBJC_IMPLEMENTATIONS = YES;
				CLANG_WARN_DIRECT_OBJC_ISA_USAGE = YES_ERROR;
				CLANG_WARN_DOCUMENTATION_COMMENTS = YES;
				CLANG_WARN_EMPTY_BODY = YES;
				CLANG_WARN_ENUM_CONVERSION = YES;
				CLANG_WARN_INFINITE_RECURSION = YES;
				CLANG_WARN_INT_CONVERSION = YES;
				CLANG_WARN_NON_LITERAL_NULL_CONVERSION = YES;
				CLANG_WARN_OBJC_IMPLICIT_RETAIN_SELF = YES;
				CLANG_WARN_OBJC_LITERAL_CONVERSION = YES;
				CLANG_WARN_OBJC_ROOT_CLASS = YES_ERROR;
				CLANG_WARN_QUOTED_INCLUDE_IN_FRAMEWORK_HEADER = YES;
				CLANG_WARN_RANGE_LOOP_ANALYSIS = YES;
				CLANG_WARN_STRICT_PROTOTYPES = YES;
				CLANG_WARN_SUSPICIOUS_MOVE = YES;
				CLANG_WARN_UNGUARDED_AVAILABILITY = YES_AGGRESSIVE;
				CLANG_WARN_UNREACHABLE_CODE = YES;
				CLANG_WARN__DUPLICATE_METHOD_MATCH = YES;
				COPY_PHASE_STRIP = NO;
				DEBUG_INFORMATION_FORMAT = "dwarf-with-dsym";
				ENABLE_NS_ASSERTIONS = NO;
				ENABLE_STRICT_OBJC_MSGSEND = YES;
				ENABLE_USER_SCRIPT_SANDBOXING = YES;
				GCC_C_LANGUAGE_STANDARD = gnu17;
				GCC_NO_COMMON_BLOCKS = YES;
				GCC_WARN_64_TO_32_BIT_CONVERSION = YES;
				GCC_WARN_ABOUT_RETURN_TYPE = YES_ERROR;
				GCC_WARN_UNDECLARED_SELECTOR = YES;
				GCC_WARN_UNINITIALIZED_AUTOS = YES_AGGRESSIVE;
				GCC_WARN_UNUSED_FUNCTION = YES;
				GCC_WARN_UNUSED_VARIABLE = YES;
				IPHONEOS_DEPLOYMENT_TARGET = 17.0;
				LOCALIZATION_PREFERS_STRING_CATALOGS = YES;
				MTL_ENABLE_DEBUG_INFO = NO;
				MTL_FAST_MATH = YES;
				SDKROOT = iphoneos;
				SWIFT_COMPILATION_MODE = wholemodule;
				VALIDATE_PRODUCT = YES;
			};
			name = Release;
		};
		786E7B1A2B1EBB8300132E41 /* Debug */ = {
			isa = XCBuildConfiguration;
			buildSettings = {
				ASSETCATALOG_COMPILER_APPICON_NAME = AppIcon;
				ASSETCATALOG_COMPILER_GLOBAL_ACCENT_COLOR_NAME = AccentColor;
				CODE_SIGN_STYLE = Automatic;
				CURRENT_PROJECT_VERSION = 1;
				DEVELOPMENT_ASSET_PATHS = "\"Landmarks/Preview Content\"";
				DEVELOPMENT_TEAM = 8BFK823G55;
				ENABLE_PREVIEWS = YES;
				GENERATE_INFOPLIST_FILE = YES;
				INFOPLIST_KEY_UIApplicationSceneManifest_Generation = YES;
				INFOPLIST_KEY_UIApplicationSupportsIndirectInputEvents = YES;
				INFOPLIST_KEY_UILaunchScreen_Generation = YES;
				INFOPLIST_KEY_UISupportedInterfaceOrientations_iPad = "UIInterfaceOrientationPortrait UIInterfaceOrientationPortraitUpsideDown UIInterfaceOrientationLandscapeLeft UIInterfaceOrientationLandscapeRight";
				INFOPLIST_KEY_UISupportedInterfaceOrientations_iPhone = "UIInterfaceOrientationPortrait UIInterfaceOrientationLandscapeLeft UIInterfaceOrientationLandscapeRight";
				LD_RUNPATH_SEARCH_PATHS = (
					"$(inherited)",
					"@executable_path/Frameworks",
				);
				MARKETING_VERSION = 1.0;
				PRODUCT_BUNDLE_IDENTIFIER = com.kotathefriends.Landmarks;
				PRODUCT_NAME = "$(TARGET_NAME)";
				SWIFT_EMIT_LOC_STRINGS = YES;
				SWIFT_VERSION = 5.0;
				TARGETED_DEVICE_FAMILY = "1,2";
			};
			name = Debug;
		};
		786E7B1B2B1EBB8300132E41 /* Release */ = {
			isa = XCBuildConfiguration;
			buildSettings = {
				ASSETCATALOG_COMPILER_APPICON_NAME = AppIcon;
				ASSETCATALOG_COMPILER_GLOBAL_ACCENT_COLOR_NAME = AccentColor;
				CODE_SIGN_STYLE = Automatic;
				CURRENT_PROJECT_VERSION = 1;
				DEVELOPMENT_ASSET_PATHS = "\"Landmarks/Preview Content\"";
				DEVELOPMENT_TEAM = 8BFK823G55;
				ENABLE_PREVIEWS = YES;
				GENERATE_INFOPLIST_FILE = YES;
				INFOPLIST_KEY_UIApplicationSceneManifest_Generation = YES;
				INFOPLIST_KEY_UIApplicationSupportsIndirectInputEvents = YES;
				INFOPLIST_KEY_UILaunchScreen_Generation = YES;
				INFOPLIST_KEY_UISupportedInterfaceOrientations_iPad = "UIInterfaceOrientationPortrait UIInterfaceOrientationPortraitUpsideDown UIInterfaceOrientationLandscapeLeft UIInterfaceOrientationLandscapeRight";
				INFOPLIST_KEY_UISupportedInterfaceOrientations_iPhone = "UIInterfaceOrientationPortrait UIInterfaceOrientationLandscapeLeft UIInterfaceOrientationLandscapeRight";
				LD_RUNPATH_SEARCH_PATHS = (
					"$(inherited)",
					"@executable_path/Frameworks",
				);
				MARKETING_VERSION = 1.0;
				PRODUCT_BUNDLE_IDENTIFIER = com.kotathefriends.Landmarks;
				PRODUCT_NAME = "$(TARGET_NAME)";
				SWIFT_EMIT_LOC_STRINGS = YES;
				SWIFT_VERSION = 5.0;
				TARGETED_DEVICE_FAMILY = "1,2";
			};
			name = Release;
		};
/* End XCBuildConfiguration section */

/* Begin XCConfigurationList section */
		786E7B062B1EBB8100132E41 /* Build configuration list for PBXProject "Landmarks" */ = {
			isa = XCConfigurationList;
			buildConfigurations = (
				786E7B172B1EBB8300132E41 /* Debug */,
				786E7B182B1EBB8300132E41 /* Release */,
			);
			defaultConfigurationIsVisible = 0;
			defaultConfigurationName = Release;
		};
		786E7B192B1EBB8300132E41 /* Build configuration list for PBXNativeTarget "Landmarks" */ = {
			isa = XCConfigurationList;
			buildConfigurations = (
				786E7B1A2B1EBB8300132E41 /* Debug */,
				786E7B1B2B1EBB8300132E41 /* Release */,
			);
			defaultConfigurationIsVisible = 0;
			defaultConfigurationName = Release;
		};
/* End XCConfigurationList section */
	};
	rootObject = 786E7B032B1EBB8100132E41 /* Project object */;
}
